
Microsoft Visual Studio Solution File, Format Version 12.00
# Visual Studio Version 17
VisualStudioVersion = 17.2.32630.192
MinimumVisualStudioVersion = 10.0.40219.1
Project("{FAE04EC0-301F-11D3-BF4B-00C04F79EFBC}") = "Snake(ConsoleGame)", "Snake(ConsoleGame)\Snake(ConsoleGame).csproj", "{0466B371-174B-4A5E-96F6-53147F04566F}"
EndProject
Global
	GlobalSection(SolutionConfigurationPlatforms) = preSolution
		Debug|Any CPU = Debug|Any CPU
		Release|Any CPU = Release|Any CPU
	EndGlobalSection
	GlobalSection(ProjectConfigurationPlatforms) = postSolution
		{0466B371-174B-4A5E-96F6-53147F04566F}.Debug|Any CPU.ActiveCfg = Debug|Any CPU
		{0466B371-174B-4A5E-96F6-53147F04566F}.Debug|Any CPU.Build.0 = Debug|Any CPU
		{0466B371-174B-4A5E-96F6-53147F04566F}.Release|Any CPU.ActiveCfg = Release|Any CPU
		{0466B371-174B-4A5E-96F6-53147F04566F}.Release|Any CPU.Build.0 = Release|Any CPU
	EndGlobalSection
	GlobalSection(SolutionProperties) = preSolution
		HideSolutionNode = FALSE
	EndGlobalSection
	GlobalSection(ExtensibilityGlobals) = postSolution
		SolutionGuid = {222D3D07-4809-4130-AE04-F66C13EE0009}
	EndGlobalSection
EndGlobal
